
Microsoft Visual Studio Solution File, Format Version 12.00
# Visual Studio Version 16
VisualStudioVersion = 16.0.31911.196
MinimumVisualStudioVersion = 10.0.40219.1
Project("{FAE04EC0-301F-11D3-BF4B-00C04F79EFBC}") = "FamilyFueds", "FamilyFueds\FamilyFueds.csproj", "{700E7A57-6CA9-4AB6-AD7F-79627BB093F6}"
EndProject
Global
	GlobalSection(SolutionConfigurationPlatforms) = preSolution
		Debug|Any CPU = Debug|Any CPU
		Release|Any CPU = Release|Any CPU
	EndGlobalSection
	GlobalSection(ProjectConfigurationPlatforms) = postSolution
		{700E7A57-6CA9-4AB6-AD7F-79627BB093F6}.Debug|Any CPU.ActiveCfg = Debug|Any CPU
		{700E7A57-6CA9-4AB6-AD7F-79627BB093F6}.Debug|Any CPU.Build.0 = Debug|Any CPU
		{700E7A57-6CA9-4AB6-AD7F-79627BB093F6}.Release|Any CPU.ActiveCfg = Release|Any CPU
		{700E7A57-6CA9-4AB6-AD7F-79627BB093F6}.Release|Any CPU.Build.0 = Release|Any CPU
	EndGlobalSection
	GlobalSection(SolutionProperties) = preSolution
		HideSolutionNode = FALSE
	EndGlobalSection
	GlobalSection(ExtensibilityGlobals) = postSolution
		SolutionGuid = {676F5F09-8E5D-4109-A2C5-C6F10D369FEB}
	EndGlobalSection
EndGlobal
